
Microsoft Visual Studio Solution File, Format Version 12.00
# Visual Studio Version 17
VisualStudioVersion = 17.3.32929.385
MinimumVisualStudioVersion = 10.0.40219.1
Project("{FAE04EC0-301F-11D3-BF4B-00C04F79EFBC}") = "WpfApp1", "WpfApp1\WpfApp1.csproj", "{10B6BABE-57F7-43C9-9584-9B2DFFBE9EC3}"
EndProject
Global
	GlobalSection(SolutionConfigurationPlatforms) = preSolution
		Debug|Any CPU = Debug|Any CPU
		Release|Any CPU = Release|Any CPU
	EndGlobalSection
	GlobalSection(ProjectConfigurationPlatforms) = postSolution
		{10B6BABE-57F7-43C9-9584-9B2DFFBE9EC3}.Debug|Any CPU.ActiveCfg = Debug|Any CPU
		{10B6BABE-57F7-43C9-9584-9B2DFFBE9EC3}.Debug|Any CPU.Build.0 = Debug|Any CPU
		{10B6BABE-57F7-43C9-9584-9B2DFFBE9EC3}.Release|Any CPU.ActiveCfg = Release|Any CPU
		{10B6BABE-57F7-43C9-9584-9B2DFFBE9EC3}.Release|Any CPU.Build.0 = Release|Any CPU
	EndGlobalSection
	GlobalSection(SolutionProperties) = preSolution
		HideSolutionNode = FALSE
	EndGlobalSection
	GlobalSection(ExtensibilityGlobals) = postSolution
		SolutionGuid = {3965258A-2BF2-4B42-BDD2-6AE54738DF05}
	EndGlobalSection
EndGlobal
